{
  "name": "open-components",
  "version": "0.0.1",
  "lockfileVersion": 1,
  "requires": true,
  "dependencies": {
    "dingui-mini": {
      "version": "1.0.1",
      "resolved": "https://registry.npm.taobao.org/dingui-mini/download/dingui-mini-1.0.1.tgz",
      "integrity": "sha1-o9RVnSyV0D0jnAWNuBqKldV++zg=",
      "requires": {
        "dingui-mini": "^1.0.1"
      }
    }
  }
}
